
Microsoft Visual Studio Solution File, Format Version 12.00
# Visual Studio Version 16
VisualStudioVersion = 16.0.30709.64
MinimumVisualStudioVersion = 10.0.40219.1
Project("{2150E333-8FDC-42A3-9474-1A3956D46DE8}") = "Solution Items", "Solution Items", "{DF10CCE0-212C-4B43-9C1F-87261726DB1C}"
	ProjectSection(SolutionItems) = preProject
		olbrasoft-data-cqrs.png = olbrasoft-data-cqrs.png
		README.md = README.md
	EndProjectSection
EndProject
Project("{9A19103F-16F7-4668-BE54-9A1E7A4F7556}") = "Olbrasoft.Data.Cqrs.Tests", "test\Olbrasoft.Data.Cqrs.Tests\Olbrasoft.Data.Cqrs.Tests.csproj", "{9E3F09CF-134F-489D-8ECA-C17BD235398A}"
EndProject
Project("{9A19103F-16F7-4668-BE54-9A1E7A4F7556}") = "Olbrasoft.Data.Cqrs", "src\Olbrasoft.Data.Cqrs\Olbrasoft.Data.Cqrs.csproj", "{47DBEAB5-E0F1-4F7C-9C1E-DCD6B6853467}"
EndProject
Project("{9A19103F-16F7-4668-BE54-9A1E7A4F7556}") = "Olbrasoft.Data.Cqrs.EntityFrameworkCore.Tests", "test\Olbrasoft.Data.Cqrs.EntityFrameworkCore.Tests\Olbrasoft.Data.Cqrs.EntityFrameworkCore.Tests.csproj", "{E67E4948-8F07-4572-975C-453D3CA0F119}"
EndProject
Project("{2150E333-8FDC-42A3-9474-1A3956D46DE8}") = "Tests", "Tests", "{6509E707-2BF9-4278-BBD9-126BC7E4AFF0}"
EndProject
Project("{9A19103F-16F7-4668-BE54-9A1E7A4F7556}") = "Olbrasoft.Data.Cqrs.EntityFrameworkCore", "src\Olbrasoft.Data.Cqrs.EntityFrameworkCore\Olbrasoft.Data.Cqrs.EntityFrameworkCore.csproj", "{49757BCA-7EB1-46C1-929C-41E07255AB5F}"
EndProject
Global
	GlobalSection(SolutionConfigurationPlatforms) = preSolution
		Debug|Any CPU = Debug|Any CPU
		Release|Any CPU = Release|Any CPU
	EndGlobalSection
	GlobalSection(ProjectConfigurationPlatforms) = postSolution
		{9E3F09CF-134F-489D-8ECA-C17BD235398A}.Debug|Any CPU.ActiveCfg = Debug|Any CPU
		{9E3F09CF-134F-489D-8ECA-C17BD235398A}.Debug|Any CPU.Build.0 = Debug|Any CPU
		{9E3F09CF-134F-489D-8ECA-C17BD235398A}.Release|Any CPU.ActiveCfg = Release|Any CPU
		{9E3F09CF-134F-489D-8ECA-C17BD235398A}.Release|Any CPU.Build.0 = Release|Any CPU
		{47DBEAB5-E0F1-4F7C-9C1E-DCD6B6853467}.Debug|Any CPU.ActiveCfg = Release|Any CPU
		{47DBEAB5-E0F1-4F7C-9C1E-DCD6B6853467}.Debug|Any CPU.Build.0 = Release|Any CPU
		{47DBEAB5-E0F1-4F7C-9C1E-DCD6B6853467}.Release|Any CPU.ActiveCfg = Release|Any CPU
		{47DBEAB5-E0F1-4F7C-9C1E-DCD6B6853467}.Release|Any CPU.Build.0 = Release|Any CPU
		{E67E4948-8F07-4572-975C-453D3CA0F119}.Debug|Any CPU.ActiveCfg = Debug|Any CPU
		{E67E4948-8F07-4572-975C-453D3CA0F119}.Debug|Any CPU.Build.0 = Debug|Any CPU
		{E67E4948-8F07-4572-975C-453D3CA0F119}.Release|Any CPU.ActiveCfg = Release|Any CPU
		{E67E4948-8F07-4572-975C-453D3CA0F119}.Release|Any CPU.Build.0 = Release|Any CPU
		{49757BCA-7EB1-46C1-929C-41E07255AB5F}.Debug|Any CPU.ActiveCfg = Debug|Any CPU
		{49757BCA-7EB1-46C1-929C-41E07255AB5F}.Debug|Any CPU.Build.0 = Debug|Any CPU
		{49757BCA-7EB1-46C1-929C-41E07255AB5F}.Release|Any CPU.ActiveCfg = Release|Any CPU
		{49757BCA-7EB1-46C1-929C-41E07255AB5F}.Release|Any CPU.Build.0 = Release|Any CPU
	EndGlobalSection
	GlobalSection(SolutionProperties) = preSolution
		HideSolutionNode = FALSE
	EndGlobalSection
	GlobalSection(NestedProjects) = preSolution
		{9E3F09CF-134F-489D-8ECA-C17BD235398A} = {6509E707-2BF9-4278-BBD9-126BC7E4AFF0}
		{E67E4948-8F07-4572-975C-453D3CA0F119} = {6509E707-2BF9-4278-BBD9-126BC7E4AFF0}
	EndGlobalSection
	GlobalSection(ExtensibilityGlobals) = postSolution
		SolutionGuid = {6D45754A-97CA-4649-926F-07F91F65B92A}
	EndGlobalSection
EndGlobal
